
Microsoft Visual Studio Solution File, Format Version 12.00
# Visual Studio Version 17
VisualStudioVersion = 17.4.33213.308
MinimumVisualStudioVersion = 10.0.40219.1
Project("{FAE04EC0-301F-11D3-BF4B-00C04F79EFBC}") = "MinHealth.DAL", "MinHealth.DAL\MinHealth.DAL.csproj", "{C7178771-B17F-4714-961F-D3AFF000311B}"
EndProject
Project("{FAE04EC0-301F-11D3-BF4B-00C04F79EFBC}") = "MinHealth.BLL", "MinHealth.BLL\MinHealth.BLL.csproj", "{6A10AD41-E0B0-42DE-A782-89753587012C}"
EndProject
Project("{FAE04EC0-301F-11D3-BF4B-00C04F79EFBC}") = "ConsoleApp.MinHealth", "ConsoleApp.MinHealth\ConsoleApp.MinHealth.csproj", "{1822B0A4-B17A-4700-8144-28573FC72585}"
EndProject
Global
	GlobalSection(SolutionConfigurationPlatforms) = preSolution
		Debug|Any CPU = Debug|Any CPU
		Release|Any CPU = Release|Any CPU
	EndGlobalSection
	GlobalSection(ProjectConfigurationPlatforms) = postSolution
		{C7178771-B17F-4714-961F-D3AFF000311B}.Debug|Any CPU.ActiveCfg = Debug|Any CPU
		{C7178771-B17F-4714-961F-D3AFF000311B}.Debug|Any CPU.Build.0 = Debug|Any CPU
		{C7178771-B17F-4714-961F-D3AFF000311B}.Release|Any CPU.ActiveCfg = Release|Any CPU
		{C7178771-B17F-4714-961F-D3AFF000311B}.Release|Any CPU.Build.0 = Release|Any CPU
		{6A10AD41-E0B0-42DE-A782-89753587012C}.Debug|Any CPU.ActiveCfg = Debug|Any CPU
		{6A10AD41-E0B0-42DE-A782-89753587012C}.Debug|Any CPU.Build.0 = Debug|Any CPU
		{6A10AD41-E0B0-42DE-A782-89753587012C}.Release|Any CPU.ActiveCfg = Release|Any CPU
		{6A10AD41-E0B0-42DE-A782-89753587012C}.Release|Any CPU.Build.0 = Release|Any CPU
		{1822B0A4-B17A-4700-8144-28573FC72585}.Debug|Any CPU.ActiveCfg = Debug|Any CPU
		{1822B0A4-B17A-4700-8144-28573FC72585}.Debug|Any CPU.Build.0 = Debug|Any CPU
		{1822B0A4-B17A-4700-8144-28573FC72585}.Release|Any CPU.ActiveCfg = Release|Any CPU
		{1822B0A4-B17A-4700-8144-28573FC72585}.Release|Any CPU.Build.0 = Release|Any CPU
	EndGlobalSection
	GlobalSection(SolutionProperties) = preSolution
		HideSolutionNode = FALSE
	EndGlobalSection
	GlobalSection(ExtensibilityGlobals) = postSolution
		SolutionGuid = {805E2A33-2A93-4DA2-8D3E-10402347B20D}
	EndGlobalSection
EndGlobal
